
Microsoft Visual Studio Solution File, Format Version 12.00
# Visual Studio Version 17
VisualStudioVersion = 17.11.35327.3
MinimumVisualStudioVersion = 10.0.40219.1
Project("{FAE04EC0-301F-11D3-BF4B-00C04F79EFBC}") = "Lesson 3.9", "Lesson 3.9\Lesson 3.9.csproj", "{DD59FA05-1422-4474-899B-947306E952BC}"
EndProject
Global
	GlobalSection(SolutionConfigurationPlatforms) = preSolution
		Debug|Any CPU = Debug|Any CPU
		Release|Any CPU = Release|Any CPU
	EndGlobalSection
	GlobalSection(ProjectConfigurationPlatforms) = postSolution
		{DD59FA05-1422-4474-899B-947306E952BC}.Debug|Any CPU.ActiveCfg = Debug|Any CPU
		{DD59FA05-1422-4474-899B-947306E952BC}.Debug|Any CPU.Build.0 = Debug|Any CPU
		{DD59FA05-1422-4474-899B-947306E952BC}.Release|Any CPU.ActiveCfg = Release|Any CPU
		{DD59FA05-1422-4474-899B-947306E952BC}.Release|Any CPU.Build.0 = Release|Any CPU
	EndGlobalSection
	GlobalSection(SolutionProperties) = preSolution
		HideSolutionNode = FALSE
	EndGlobalSection
	GlobalSection(ExtensibilityGlobals) = postSolution
		SolutionGuid = {17EB87BF-DCD7-4547-B7FB-9DD7BAA788B9}
	EndGlobalSection
EndGlobal
